
Microsoft Visual Studio Solution File, Format Version 12.00
# Visual Studio Version 17
VisualStudioVersion = 17.14.36603.0 d17.14
MinimumVisualStudioVersion = 10.0.40219.1
Project("{FAE04EC0-301F-11D3-BF4B-00C04F79EFBC}") = "AppBantayBarangay.Android", "AppBantayBarangay\AppBantayBarangay.Android\AppBantayBarangay.Android.csproj", "{B1102102-36CC-481B-A787-65CCB37FF4E3}"
EndProject
Project("{FAE04EC0-301F-11D3-BF4B-00C04F79EFBC}") = "AppBantayBarangay", "AppBantayBarangay\AppBantayBarangay\AppBantayBarangay.csproj", "{C761C159-E28E-41FF-A433-50107FA760B0}"
EndProject
Global
	GlobalSection(SolutionConfigurationPlatforms) = preSolution
		Debug|Any CPU = Debug|Any CPU
		Release|Any CPU = Release|Any CPU
	EndGlobalSection
	GlobalSection(ProjectConfigurationPlatforms) = postSolution
		{B1102102-36CC-481B-A787-65CCB37FF4E3}.Debug|Any CPU.ActiveCfg = Debug|Any CPU
		{B1102102-36CC-481B-A787-65CCB37FF4E3}.Debug|Any CPU.Build.0 = Debug|Any CPU
		{B1102102-36CC-481B-A787-65CCB37FF4E3}.Debug|Any CPU.Deploy.0 = Debug|Any CPU
		{B1102102-36CC-481B-A787-65CCB37FF4E3}.Release|Any CPU.ActiveCfg = Release|Any CPU
		{B1102102-36CC-481B-A787-65CCB37FF4E3}.Release|Any CPU.Build.0 = Release|Any CPU
		{B1102102-36CC-481B-A787-65CCB37FF4E3}.Release|Any CPU.Deploy.0 = Release|Any CPU
		{C761C159-E28E-41FF-A433-50107FA760B0}.Debug|Any CPU.ActiveCfg = Debug|Any CPU
		{C761C159-E28E-41FF-A433-50107FA760B0}.Debug|Any CPU.Build.0 = Debug|Any CPU
		{C761C159-E28E-41FF-A433-50107FA760B0}.Debug|Any CPU.Deploy.0 = Debug|Any CPU
		{C761C159-E28E-41FF-A433-50107FA760B0}.Release|Any CPU.ActiveCfg = Release|Any CPU
		{C761C159-E28E-41FF-A433-50107FA760B0}.Release|Any CPU.Build.0 = Release|Any CPU
		{C761C159-E28E-41FF-A433-50107FA760B0}.Release|Any CPU.Deploy.0 = Release|Any CPU
	EndGlobalSection
	GlobalSection(SolutionProperties) = preSolution
		HideSolutionNode = FALSE
	EndGlobalSection
	GlobalSection(ExtensibilityGlobals) = postSolution
		SolutionGuid = {56182CAC-FBEE-4496-A5DE-2B71BF44B9E6}
	EndGlobalSection
EndGlobal
